
Microsoft Visual Studio Solution File, Format Version 12.00
# Visual Studio Version 17
VisualStudioVersion = 17.0.31903.59
MinimumVisualStudioVersion = 10.0.40219.1
Project("{FAE04EC0-301F-11D3-BF4B-00C04F79EFBC}") = "Web-API", "Web-API\Web-API.csproj", "{D80E38D9-4367-45C6-84A8-90B954DFF927}"
EndProject
Global
	GlobalSection(SolutionConfigurationPlatforms) = preSolution
		Debug|Any CPU = Debug|Any CPU
		Release|Any CPU = Release|Any CPU
	EndGlobalSection
	GlobalSection(ProjectConfigurationPlatforms) = postSolution
		{D80E38D9-4367-45C6-84A8-90B954DFF927}.Debug|Any CPU.ActiveCfg = Debug|Any CPU
		{D80E38D9-4367-45C6-84A8-90B954DFF927}.Debug|Any CPU.Build.0 = Debug|Any CPU
		{D80E38D9-4367-45C6-84A8-90B954DFF927}.Release|Any CPU.ActiveCfg = Release|Any CPU
		{D80E38D9-4367-45C6-84A8-90B954DFF927}.Release|Any CPU.Build.0 = Release|Any CPU
	EndGlobalSection
	GlobalSection(SolutionProperties) = preSolution
		HideSolutionNode = FALSE
	EndGlobalSection
	GlobalSection(ExtensibilityGlobals) = postSolution
		SolutionGuid = {0175FACD-585F-4A98-864B-0B9B049634FA}
	EndGlobalSection
EndGlobal
